
Microsoft Visual Studio Solution File, Format Version 12.00
# Visual Studio Version 17
VisualStudioVersion = 17.6.33829.357
MinimumVisualStudioVersion = 10.0.40219.1
Project("{9A19103F-16F7-4668-BE54-9A1E7A4F7556}") = "Mobiles.Core", "Mobiles.Core\Mobiles.Core.csproj", "{B67AE95D-5093-4B92-874A-423FA0EA8CD5}"
EndProject
Project("{9A19103F-16F7-4668-BE54-9A1E7A4F7556}") = "Mobiles.Desktop", "Mobiles.Desktop\Mobiles.Desktop.csproj", "{3A788853-0892-48D3-9363-C3B75BF26AB5}"
EndProject
Project("{FAE04EC0-301F-11D3-BF4B-00C04F79EFBC}") = "Mobiles.Web", "Mobiles.Web\Mobiles.Web.csproj", "{F1C3C429-0354-43E6-B683-0E6948663FF3}"
EndProject
Global
	GlobalSection(SolutionConfigurationPlatforms) = preSolution
		Debug|Any CPU = Debug|Any CPU
		Release|Any CPU = Release|Any CPU
	EndGlobalSection
	GlobalSection(ProjectConfigurationPlatforms) = postSolution
		{B67AE95D-5093-4B92-874A-423FA0EA8CD5}.Debug|Any CPU.ActiveCfg = Debug|Any CPU
		{B67AE95D-5093-4B92-874A-423FA0EA8CD5}.Debug|Any CPU.Build.0 = Debug|Any CPU
		{B67AE95D-5093-4B92-874A-423FA0EA8CD5}.Release|Any CPU.ActiveCfg = Release|Any CPU
		{B67AE95D-5093-4B92-874A-423FA0EA8CD5}.Release|Any CPU.Build.0 = Release|Any CPU
		{3A788853-0892-48D3-9363-C3B75BF26AB5}.Debug|Any CPU.ActiveCfg = Debug|Any CPU
		{3A788853-0892-48D3-9363-C3B75BF26AB5}.Debug|Any CPU.Build.0 = Debug|Any CPU
		{3A788853-0892-48D3-9363-C3B75BF26AB5}.Release|Any CPU.ActiveCfg = Release|Any CPU
		{3A788853-0892-48D3-9363-C3B75BF26AB5}.Release|Any CPU.Build.0 = Release|Any CPU
		{F1C3C429-0354-43E6-B683-0E6948663FF3}.Debug|Any CPU.ActiveCfg = Debug|Any CPU
		{F1C3C429-0354-43E6-B683-0E6948663FF3}.Debug|Any CPU.Build.0 = Debug|Any CPU
		{F1C3C429-0354-43E6-B683-0E6948663FF3}.Release|Any CPU.ActiveCfg = Release|Any CPU
		{F1C3C429-0354-43E6-B683-0E6948663FF3}.Release|Any CPU.Build.0 = Release|Any CPU
	EndGlobalSection
	GlobalSection(SolutionProperties) = preSolution
		HideSolutionNode = FALSE
	EndGlobalSection
	GlobalSection(ExtensibilityGlobals) = postSolution
		SolutionGuid = {0B09C351-1A85-43EB-9EB2-280068FE1933}
	EndGlobalSection
EndGlobal
